// !$*UTF8*$!
{
	archiveVersion = 1;
	classes = {
	};
	objectVersion = 50;
	objects = {

/* Begin PBXBuildFile section */
		278BF8D0CA016CA9F47372D8 /* libPods-ToolsUITests.a in Frameworks */ = {isa = PBXBuildFile; fileRef = 6190E708E03304BFFCEC0F62 /* libPods-ToolsUITests.a */; };
		5A62758E959AAF4079E884F4 /* libPods-ToolsTests.a in Frameworks */ = {isa = PBXBuildFile; fileRef = C1DE55DBDE58E0DACB563571 /* libPods-ToolsTests.a */; };
		73FE5C690E3C1FF1493B7335 /* libPods-Tools.a in Frameworks */ = {isa = PBXBuildFile; fileRef = 6EF04414D8D445B68FDB2651 /* libPods-Tools.a */; };
		8965E5C120C683030088786A /* AppDelegate.m in Sources */ = {isa = PBXBuildFile; fileRef = 8965E5C020C683030088786A /* AppDelegate.m */; };
		8965E5C420C683030088786A /* ViewController.m in Sources */ = {isa = PBXBuildFile; fileRef = 8965E5C320C683030088786A /* ViewController.m */; };
		8965E5C720C683030088786A /* Main.storyboard in Resources */ = {isa = PBXBuildFile; fileRef = 8965E5C520C683030088786A /* Main.storyboard */; };
		8965E5C920C683040088786A /* Assets.xcassets in Resources */ = {isa = PBXBuildFile; fileRef = 8965E5C820C683040088786A /* Assets.xcassets */; };
		8965E5CC20C683040088786A /* LaunchScreen.storyboard in Resources */ = {isa = PBXBuildFile; fileRef = 8965E5CA20C683040088786A /* LaunchScreen.storyboard */; };
		8965E5CF20C683040088786A /* main.m in Sources */ = {isa = PBXBuildFile; fileRef = 8965E5CE20C683040088786A /* main.m */; };
		8965E5D920C683040088786A /* ToolsTests.m in Sources */ = {isa = PBXBuildFile; fileRef = 8965E5D820C683040088786A /* ToolsTests.m */; };
		8965E5E420C683040088786A /* ToolsUITests.m in Sources */ = {isa = PBXBuildFile; fileRef = 8965E5E320C683040088786A /* ToolsUITests.m */; };
		8965E5F320C6846E0088786A /* JJTextField.m in Sources */ = {isa = PBXBuildFile; fileRef = 8965E5F120C6846E0088786A /* JJTextField.m */; };
		8965E5F620C688C60088786A /* JJVersionTool.m in Sources */ = {isa = PBXBuildFile; fileRef = 8965E5F520C688C60088786A /* JJVersionTool.m */; };
/* End PBXBuildFile section */

/* Begin PBXContainerItemProxy section */
		8965E5D520C683040088786A /* PBXContainerItemProxy */ = {
			isa = PBXContainerItemProxy;
			containerPortal = 8965E5B420C683030088786A /* Project object */;
			proxyType = 1;
			remoteGlobalIDString = 8965E5BB20C683030088786A;
			remoteInfo = Tools;
		};
		8965E5E020C683040088786A /* PBXContainerItemProxy */ = {
			isa = PBXContainerItemProxy;
			containerPortal = 8965E5B420C683030088786A /* Project object */;
			proxyType = 1;
			remoteGlobalIDString = 8965E5BB20C683030088786A;
			remoteInfo = Tools;
		};
/* End PBXContainerItemProxy section */

/* Begin PBXFileReference section */
		23AC7A1E0B8DDDD5B6A1FFD3 /* Pods-ToolsUITests.release.xcconfig */ = {isa = PBXFileReference; includeInIndex = 1; lastKnownFileType = text.xcconfig; name = "Pods-ToolsUITests.release.xcconfig"; path = "Pods/Target Support Files/Pods-ToolsUITests/Pods-ToolsUITests.release.xcconfig"; sourceTree = "<group>"; };
		23C509622E162952040FC968 /* Pods-ToolsTests.debug.xcconfig */ = {isa = PBXFileReference; includeInIndex = 1; lastKnownFileType = text.xcconfig; name = "Pods-ToolsTests.debug.xcconfig"; path = "Pods/Target Support Files/Pods-ToolsTests/Pods-ToolsTests.debug.xcconfig"; sourceTree = "<group>"; };
		58CE879459BD4E262FA29C3E /* Pods-ToolsUITests.debug.xcconfig */ = {isa = PBXFileReference; includeInIndex = 1; lastKnownFileType = text.xcconfig; name = "Pods-ToolsUITests.debug.xcconfig"; path = "Pods/Target Support Files/Pods-ToolsUITests/Pods-ToolsUITests.debug.xcconfig"; sourceTree = "<group>"; };
		6190E708E03304BFFCEC0F62 /* libPods-ToolsUITests.a */ = {isa = PBXFileReference; explicitFileType = archive.ar; includeInIndex = 0; path = "libPods-ToolsUITests.a"; sourceTree = BUILT_PRODUCTS_DIR; };
		6EF04414D8D445B68FDB2651 /* libPods-Tools.a */ = {isa = PBXFileReference; explicitFileType = archive.ar; includeInIndex = 0; path = "libPods-Tools.a"; sourceTree = BUILT_PRODUCTS_DIR; };
		8965E5BC20C683030088786A /* Tools.app */ = {isa = PBXFileReference; explicitFileType = wrapper.application; includeInIndex = 0; path = Tools.app; sourceTree = BUILT_PRODUCTS_DIR; };
		8965E5BF20C683030088786A /* AppDelegate.h */ = {isa = PBXFileReference; lastKnownFileType = sourcecode.c.h; path = AppDelegate.h; sourceTree = "<group>"; };
		8965E5C020C683030088786A /* AppDelegate.m */ = {isa = PBXFileReference; lastKnownFileType = sourcecode.c.objc; path = AppDelegate.m; sourceTree = "<group>"; };
		8965E5C220C683030088786A /* ViewController.h */ = {isa = PBXFileReference; lastKnownFileType = sourcecode.c.h; path = ViewController.h; sourceTree = "<group>"; };
		8965E5C320C683030088786A /* ViewController.m */ = {isa = PBXFileReference; lastKnownFileType = sourcecode.c.objc; path = ViewController.m; sourceTree = "<group>"; };
		8965E5C620C683030088786A /* Base */ = {isa = PBXFileReference; lastKnownFileType = file.storyboard; name = Base; path = Base.lproj/Main.storyboard; sourceTree = "<group>"; };
		8965E5C820C683040088786A /* Assets.xcassets */ = {isa = PBXFileReference; lastKnownFileType = folder.assetcatalog; path = Assets.xcassets; sourceTree = "<group>"; };
		8965E5CB20C683040088786A /* Base */ = {isa = PBXFileReference; lastKnownFileType = file.storyboard; name = Base; path = Base.lproj/LaunchScreen.storyboard; sourceTree = "<group>"; };
		8965E5CD20C683040088786A /* Info.plist */ = {isa = PBXFileReference; lastKnownFileType = text.plist.xml; path = Info.plist; sourceTree = "<group>"; };
		8965E5CE20C683040088786A /* main.m */ = {isa = PBXFileReference; lastKnownFileType = sourcecode.c.objc; path = main.m; sourceTree = "<group>"; };
		8965E5D420C683040088786A /* ToolsTests.xctest */ = {isa = PBXFileReference; explicitFileType = wrapper.cfbundle; includeInIndex = 0; path = ToolsTests.xctest; sourceTree = BUILT_PRODUCTS_DIR; };
		8965E5D820C683040088786A /* ToolsTests.m */ = {isa = PBXFileReference; lastKnownFileType = sourcecode.c.objc; path = ToolsTests.m; sourceTree = "<group>"; };
		8965E5DA20C683040088786A /* Info.plist */ = {isa = PBXFileReference; lastKnownFileType = text.plist.xml; path = Info.plist; sourceTree = "<group>"; };
		8965E5DF20C683040088786A /* ToolsUITests.xctest */ = {isa = PBXFileReference; explicitFileType = wrapper.cfbundle; includeInIndex = 0; path = ToolsUITests.xctest; sourceTree = BUILT_PRODUCTS_DIR; };
		8965E5E320C683040088786A /* ToolsUITests.m */ = {isa = PBXFileReference; lastKnownFileType = sourcecode.c.objc; path = ToolsUITests.m; sourceTree = "<group>"; };
		8965E5E520C683040088786A /* Info.plist */ = {isa = PBXFileReference; lastKnownFileType = text.plist.xml; path = Info.plist; sourceTree = "<group>"; };
		8965E5F120C6846E0088786A /* JJTextField.m */ = {isa = PBXFileReference; fileEncoding = 4; lastKnownFileType = sourcecode.c.objc; path = JJTextField.m; sourceTree = "<group>"; };
		8965E5F220C6846E0088786A /* JJTextField.h */ = {isa = PBXFileReference; fileEncoding = 4; lastKnownFileType = sourcecode.c.h; path = JJTextField.h; sourceTree = "<group>"; };
		8965E5F420C688C60088786A /* JJVersionTool.h */ = {isa = PBXFileReference; lastKnownFileType = sourcecode.c.h; path = JJVersionTool.h; sourceTree = "<group>"; };
		8965E5F520C688C60088786A /* JJVersionTool.m */ = {isa = PBXFileReference; lastKnownFileType = sourcecode.c.objc; path = JJVersionTool.m; sourceTree = "<group>"; };
		990992090ED5D2109102C455 /* Pods-ToolsTests.release.xcconfig */ = {isa = PBXFileReference; includeInIndex = 1; lastKnownFileType = text.xcconfig; name = "Pods-ToolsTests.release.xcconfig"; path = "Pods/Target Support Files/Pods-ToolsTests/Pods-ToolsTests.release.xcconfig"; sourceTree = "<group>"; };
		A3AF196178C1E71EC3AC771D /* Pods-Tools.debug.xcconfig */ = {isa = PBXFileReference; includeInIndex = 1; lastKnownFileType = text.xcconfig; name = "Pods-Tools.debug.xcconfig"; path = "Pods/Target Support Files/Pods-Tools/Pods-Tools.debug.xcconfig"; sourceTree = "<group>"; };
		C1DE55DBDE58E0DACB563571 /* libPods-ToolsTests.a */ = {isa = PBXFileReference; explicitFileType = archive.ar; includeInIndex = 0; path = "libPods-ToolsTests.a"; sourceTree = BUILT_PRODUCTS_DIR; };
		EBFC2F90C6A5AE0BCB444F15 /* Pods-Tools.release.xcconfig */ = {isa = PBXFileReference; includeInIndex = 1; lastKnownFileType = text.xcconfig; name = "Pods-Tools.release.xcconfig"; path = "Pods/Target Support Files/Pods-Tools/Pods-Tools.release.xcconfig"; sourceTree = "<group>"; };
/* End PBXFileReference section */

/* Begin PBXFrameworksBuildPhase section */
		8965E5B920C683030088786A /* Frameworks */ = {
			isa = PBXFrameworksBuildPhase;
			buildActionMask = 2147483647;
			files = (
				73FE5C690E3C1FF1493B7335 /* libPods-Tools.a in Frameworks */,
			);
			runOnlyForDeploymentPostprocessing = 0;
		};
		8965E5D120C683040088786A /* Frameworks */ = {
			isa = PBXFrameworksBuildPhase;
			buildActionMask = 2147483647;
			files = (
				5A62758E959AAF4079E884F4 /* libPods-ToolsTests.a in Frameworks */,
			);
			runOnlyForDeploymentPostprocessing = 0;
		};
		8965E5DC20C683040088786A /* Frameworks */ = {
			isa = PBXFrameworksBuildPhase;
			buildActionMask = 2147483647;
			files = (
				278BF8D0CA016CA9F47372D8 /* libPods-ToolsUITests.a in Frameworks */,
			);
			runOnlyForDeploymentPostprocessing = 0;
		};
/* End PBXFrameworksBuildPhase section */

/* Begin PBXGroup section */
		8965E5B320C683030088786A = {
			isa = PBXGroup;
			children = (
				8965E5BE20C683030088786A /* Tools */,
				8965E5D720C683040088786A /* ToolsTests */,
				8965E5E220C683040088786A /* ToolsUITests */,
				8965E5BD20C683030088786A /* Products */,
				B07EEA307BFB41734BC04DCE /* Pods */,
				F01677AA99EB21D3BEB912C8 /* Frameworks */,
			);
			sourceTree = "<group>";
		};
		8965E5BD20C683030088786A /* Products */ = {
			isa = PBXGroup;
			children = (
				8965E5BC20C683030088786A /* Tools.app */,
				8965E5D420C683040088786A /* ToolsTests.xctest */,
				8965E5DF20C683040088786A /* ToolsUITests.xctest */,
			);
			name = Products;
			sourceTree = "<group>";
		};
		8965E5BE20C683030088786A /* Tools */ = {
			isa = PBXGroup;
			children = (
				8965E5BF20C683030088786A /* AppDelegate.h */,
				8965E5C020C683030088786A /* AppDelegate.m */,
				8965E5C220C683030088786A /* ViewController.h */,
				8965E5C320C683030088786A /* ViewController.m */,
				8965E5F220C6846E0088786A /* JJTextField.h */,
				8965E5F120C6846E0088786A /* JJTextField.m */,
				8965E5F420C688C60088786A /* JJVersionTool.h */,
				8965E5F520C688C60088786A /* JJVersionTool.m */,
				8965E5C520C683030088786A /* Main.storyboard */,
				8965E5C820C683040088786A /* Assets.xcassets */,
				8965E5CA20C683040088786A /* LaunchScreen.storyboard */,
				8965E5CD20C683040088786A /* Info.plist */,
				8965E5CE20C683040088786A /* main.m */,
			);
			path = Tools;
			sourceTree = "<group>";
		};
		8965E5D720C683040088786A /* ToolsTests */ = {
			isa = PBXGroup;
			children = (
				8965E5D820C683040088786A /* ToolsTests.m */,
				8965E5DA20C683040088786A /* Info.plist */,
			);
			path = ToolsTests;
			sourceTree = "<group>";
		};
		8965E5E220C683040088786A /* ToolsUITests */ = {
			isa = PBXGroup;
			children = (
				8965E5E320C683040088786A /* ToolsUITests.m */,
				8965E5E520C683040088786A /* Info.plist */,
			);
			path = ToolsUITests;
			sourceTree = "<group>";
		};
		B07EEA307BFB41734BC04DCE /* Pods */ = {
			isa = PBXGroup;
			children = (
				A3AF196178C1E71EC3AC771D /* Pods-Tools.debug.xcconfig */,
				EBFC2F90C6A5AE0BCB444F15 /* Pods-Tools.release.xcconfig */,
				23C509622E162952040FC968 /* Pods-ToolsTests.debug.xcconfig */,
				990992090ED5D2109102C455 /* Pods-ToolsTests.release.xcconfig */,
				58CE879459BD4E262FA29C3E /* Pods-ToolsUITests.debug.xcconfig */,
				23AC7A1E0B8DDDD5B6A1FFD3 /* Pods-ToolsUITests.release.xcconfig */,
			);
			name = Pods;
			sourceTree = "<group>";
		};
		F01677AA99EB21D3BEB912C8 /* Frameworks */ = {
			isa = PBXGroup;
			children = (
				6EF04414D8D445B68FDB2651 /* libPods-Tools.a */,
				C1DE55DBDE58E0DACB563571 /* libPods-ToolsTests.a */,
				6190E708E03304BFFCEC0F62 /* libPods-ToolsUITests.a */,
			);
			name = Frameworks;
			sourceTree = "<group>";
		};
/* End PBXGroup section */

/* Begin PBXNativeTarget section */
		8965E5BB20C683030088786A /* Tools */ = {
			isa = PBXNativeTarget;
			buildConfigurationList = 8965E5E820C683040088786A /* Build configuration list for PBXNativeTarget "Tools" */;
			buildPhases = (
				62F279586732E1271A196C11 /* [CP] Check Pods Manifest.lock */,
				8965E5B820C683030088786A /* Sources */,
				8965E5B920C683030088786A /* Frameworks */,
				8965E5BA20C683030088786A /* Resources */,
			);
			buildRules = (
			);
			dependencies = (
			);
			name = Tools;
			productName = Tools;
			productReference = 8965E5BC20C683030088786A /* Tools.app */;
			productType = "com.apple.product-type.application";
		};
		8965E5D320C683040088786A /* ToolsTests */ = {
			isa = PBXNativeTarget;
			buildConfigurationList = 8965E5EB20C683040088786A /* Build configuration list for PBXNativeTarget "ToolsTests" */;
			buildPhases = (
				1E10ABCD805EA10E24B34720 /* [CP] Check Pods Manifest.lock */,
				8965E5D020C683040088786A /* Sources */,
				8965E5D120C683040088786A /* Frameworks */,
				8965E5D220C683040088786A /* Resources */,
			);
			buildRules = (
			);
			dependencies = (
				8965E5D620C683040088786A /* PBXTargetDependency */,
			);
			name = ToolsTests;
			productName = ToolsTests;
			productReference = 8965E5D420C683040088786A /* ToolsTests.xctest */;
			productType = "com.apple.product-type.bundle.unit-test";
		};
		8965E5DE20C683040088786A /* ToolsUITests */ = {
			isa = PBXNativeTarget;
			buildConfigurationList = 8965E5EE20C683040088786A /* Build configuration list for PBXNativeTarget "ToolsUITests" */;
			buildPhases = (
				D1CC82FBCF67430F4EE9F095 /* [CP] Check Pods Manifest.lock */,
				8965E5DB20C683040088786A /* Sources */,
				8965E5DC20C683040088786A /* Frameworks */,
				8965E5DD20C683040088786A /* Resources */,
			);
			buildRules = (
			);
			dependencies = (
				8965E5E120C683040088786A /* PBXTargetDependency */,
			);
			name = ToolsUITests;
			productName = ToolsUITests;
			productReference = 8965E5DF20C683040088786A /* ToolsUITests.xctest */;
			productType = "com.apple.product-type.bundle.ui-testing";
		};
/* End PBXNativeTarget section */

/* Begin PBXProject section */
		8965E5B420C683030088786A /* Project object */ = {
			isa = PBXProject;
			attributes = {
				LastUpgradeCheck = 0940;
				ORGANIZATIONNAME = lwq;
				TargetAttributes = {
					8965E5BB20C683030088786A = {
						CreatedOnToolsVersion = 9.4;
					};
					8965E5D320C683040088786A = {
						CreatedOnToolsVersion = 9.4;
						TestTargetID = 8965E5BB20C683030088786A;
					};
					8965E5DE20C683040088786A = {
						CreatedOnToolsVersion = 9.4;
						TestTargetID = 8965E5BB20C683030088786A;
					};
				};
			};
			buildConfigurationList = 8965E5B720C683030088786A /* Build configuration list for PBXProject "Tools" */;
			compatibilityVersion = "Xcode 9.3";
			developmentRegion = en;
			hasScannedForEncodings = 0;
			knownRegions = (
				en,
				Base,
			);
			mainGroup = 8965E5B320C683030088786A;
			productRefGroup = 8965E5BD20C683030088786A /* Products */;
			projectDirPath = "";
			projectRoot = "";
			targets = (
				8965E5BB20C683030088786A /* Tools */,
				8965E5D320C683040088786A /* ToolsTests */,
				8965E5DE20C683040088786A /* ToolsUITests */,
			);
		};
/* End PBXProject section */

/* Begin PBXResourcesBuildPhase section */
		8965E5BA20C683030088786A /* Resources */ = {
			isa = PBXResourcesBuildPhase;
			buildActionMask = 2147483647;
			files = (
				8965E5CC20C683040088786A /* LaunchScreen.storyboard in Resources */,
				8965E5C920C683040088786A /* Assets.xcassets in Resources */,
				8965E5C720C683030088786A /* Main.storyboard in Resources */,
			);
			runOnlyForDeploymentPostprocessing = 0;
		};
		8965E5D220C683040088786A /* Resources */ = {
			isa = PBXResourcesBuildPhase;
			buildActionMask = 2147483647;
			files = (
			);
			runOnlyForDeploymentPostprocessing = 0;
		};
		8965E5DD20C683040088786A /* Resources */ = {
			isa = PBXResourcesBuildPhase;
			buildActionMask = 2147483647;
			files = (
			);
			runOnlyForDeploymentPostprocessing = 0;
		};
/* End PBXResourcesBuildPhase section */

/* Begin PBXShellScriptBuildPhase section */
		1E10ABCD805EA10E24B34720 /* [CP] Check Pods Manifest.lock */ = {
			isa = PBXShellScriptBuildPhase;
			buildActionMask = 2147483647;
			files = (
			);
			inputPaths = (
				"${PODS_PODFILE_DIR_PATH}/Podfile.lock",
				"${PODS_ROOT}/Manifest.lock",
			);
			name = "[CP] Check Pods Manifest.lock";
			outputPaths = (
				"$(DERIVED_FILE_DIR)/Pods-ToolsTests-checkManifestLockResult.txt",
			);
			runOnlyForDeploymentPostprocessing = 0;
			shellPath = /bin/sh;
			shellScript = "diff \"${PODS_PODFILE_DIR_PATH}/Podfile.lock\" \"${PODS_ROOT}/Manifest.lock\" > /dev/null\nif [ $? != 0 ] ; then\n    # print error to STDERR\n    echo \"error: The sandbox is not in sync with the Podfile.lock. Run 'pod install' or update your CocoaPods installation.\" >&2\n    exit 1\nfi\n# This output is used by Xcode 'outputs' to avoid re-running this script phase.\necho \"SUCCESS\" > \"${SCRIPT_OUTPUT_FILE_0}\"\n";
			showEnvVarsInLog = 0;
		};
		62F279586732E1271A196C11 /* [CP] Check Pods Manifest.lock */ = {
			isa = PBXShellScriptBuildPhase;
			buildActionMask = 2147483647;
			files = (
			);
			inputPaths = (
				"${PODS_PODFILE_DIR_PATH}/Podfile.lock",
				"${PODS_ROOT}/Manifest.lock",
			);
			name = "[CP] Check Pods Manifest.lock";
			outputPaths = (
				"$(DERIVED_FILE_DIR)/Pods-Tools-checkManifestLockResult.txt",
			);
			runOnlyForDeploymentPostprocessing = 0;
			shellPath = /bin/sh;
			shellScript = "diff \"${PODS_PODFILE_DIR_PATH}/Podfile.lock\" \"${PODS_ROOT}/Manifest.lock\" > /dev/null\nif [ $? != 0 ] ; then\n    # print error to STDERR\n    echo \"error: The sandbox is not in sync with the Podfile.lock. Run 'pod install' or update your CocoaPods installation.\" >&2\n    exit 1\nfi\n# This output is used by Xcode 'outputs' to avoid re-running this script phase.\necho \"SUCCESS\" > \"${SCRIPT_OUTPUT_FILE_0}\"\n";
			showEnvVarsInLog = 0;
		};
		D1CC82FBCF67430F4EE9F095 /* [CP] Check Pods Manifest.lock */ = {
			isa = PBXShellScriptBuildPhase;
			buildActionMask = 2147483647;
			files = (
			);
			inputPaths = (
				"${PODS_PODFILE_DIR_PATH}/Podfile.lock",
				"${PODS_ROOT}/Manifest.lock",
			);
			name = "[CP] Check Pods Manifest.lock";
			outputPaths = (
				"$(DERIVED_FILE_DIR)/Pods-ToolsUITests-checkManifestLockResult.txt",
			);
			runOnlyForDeploymentPostprocessing = 0;
			shellPath = /bin/sh;
			shellScript = "diff \"${PODS_PODFILE_DIR_PATH}/Podfile.lock\" \"${PODS_ROOT}/Manifest.lock\" > /dev/null\nif [ $? != 0 ] ; then\n    # print error to STDERR\n    echo \"error: The sandbox is not in sync with the Podfile.lock. Run 'pod install' or update your CocoaPods installation.\" >&2\n    exit 1\nfi\n# This output is used by Xcode 'outputs' to avoid re-running this script phase.\necho \"SUCCESS\" > \"${SCRIPT_OUTPUT_FILE_0}\"\n";
			showEnvVarsInLog = 0;
		};
/* End PBXShellScriptBuildPhase section */

/* Begin PBXSourcesBuildPhase section */
		8965E5B820C683030088786A /* Sources */ = {
			isa = PBXSourcesBuildPhase;
			buildActionMask = 2147483647;
			files = (
				8965E5C420C683030088786A /* ViewController.m in Sources */,
				8965E5F320C6846E0088786A /* JJTextField.m in Sources */,
				8965E5CF20C683040088786A /* main.m in Sources */,
				8965E5C120C683030088786A /* AppDelegate.m in Sources */,
				8965E5F620C688C60088786A /* JJVersionTool.m in Sources */,
			);
			runOnlyForDeploymentPostprocessing = 0;
		};
		8965E5D020C683040088786A /* Sources */ = {
			isa = PBXSourcesBuildPhase;
			buildActionMask = 2147483647;
			files = (
				8965E5D920C683040088786A /* ToolsTests.m in Sources */,
			);
			runOnlyForDeploymentPostprocessing = 0;
		};
		8965E5DB20C683040088786A /* Sources */ = {
			isa = PBXSourcesBuildPhase;
			buildActionMask = 2147483647;
			files = (
				8965E5E420C683040088786A /* ToolsUITests.m in Sources */,
			);
			runOnlyForDeploymentPostprocessing = 0;
		};
/* End PBXSourcesBuildPhase section */

/* Begin PBXTargetDependency section */
		8965E5D620C683040088786A /* PBXTargetDependency */ = {
			isa = PBXTargetDependency;
			target = 8965E5BB20C683030088786A /* Tools */;
			targetProxy = 8965E5D520C683040088786A /* PBXContainerItemProxy */;
		};
		8965E5E120C683040088786A /* PBXTargetDependency */ = {
			isa = PBXTargetDependency;
			target = 8965E5BB20C683030088786A /* Tools */;
			targetProxy = 8965E5E020C683040088786A /* PBXContainerItemProxy */;
		};
/* End PBXTargetDependency section */

/* Begin PBXVariantGroup section */
		8965E5C520C683030088786A /* Main.storyboard */ = {
			isa = PBXVariantGroup;
			children = (
				8965E5C620C683030088786A /* Base */,
			);
			name = Main.storyboard;
			sourceTree = "<group>";
		};
		8965E5CA20C683040088786A /* LaunchScreen.storyboard */ = {
			isa = PBXVariantGroup;
			children = (
				8965E5CB20C683040088786A /* Base */,
			);
			name = LaunchScreen.storyboard;
			sourceTree = "<group>";
		};
/* End PBXVariantGroup section */

/* Begin XCBuildConfiguration section */
		8965E5E620C683040088786A /* Debug */ = {
			isa = XCBuildConfiguration;
			buildSettings = {
				ALWAYS_SEARCH_USER_PATHS = NO;
				CLANG_ANALYZER_NONNULL = YES;
				CLANG_ANALYZER_NUMBER_OBJECT_CONVERSION = YES_AGGRESSIVE;
				CLANG_CXX_LANGUAGE_STANDARD = "gnu++14";
				CLANG_CXX_LIBRARY = "libc++";
				CLANG_ENABLE_MODULES = YES;
				CLANG_ENABLE_OBJC_ARC = YES;
				CLANG_ENABLE_OBJC_WEAK = YES;
				CLANG_WARN_BLOCK_CAPTURE_AUTORELEASING = YES;
				CLANG_WARN_BOOL_CONVERSION = YES;
				CLANG_WARN_COMMA = YES;
				CLANG_WARN_CONSTANT_CONVERSION = YES;
				CLANG_WARN_DEPRECATED_OBJC_IMPLEMENTATIONS = YES;
				CLANG_WARN_DIRECT_OBJC_ISA_USAGE = YES_ERROR;
				CLANG_WARN_DOCUMENTATION_COMMENTS = YES;
				CLANG_WARN_EMPTY_BODY = YES;
				CLANG_WARN_ENUM_CONVERSION = YES;
				CLANG_WARN_INFINITE_RECURSION = YES;
				CLANG_WARN_INT_CONVERSION = YES;
				CLANG_WARN_NON_LITERAL_NULL_CONVERSION = YES;
				CLANG_WARN_OBJC_IMPLICIT_RETAIN_SELF = YES;
				CLANG_WARN_OBJC_LITERAL_CONVERSION = YES;
				CLANG_WARN_OBJC_ROOT_CLASS = YES_ERROR;
				CLANG_WARN_RANGE_LOOP_ANALYSIS = YES;
				CLANG_WARN_STRICT_PROTOTYPES = YES;
				CLANG_WARN_SUSPICIOUS_MOVE = YES;
				CLANG_WARN_UNGUARDED_AVAILABILITY = YES_AGGRESSIVE;
				CLANG_WARN_UNREACHABLE_CODE = YES;
				CLANG_WARN__DUPLICATE_METHOD_MATCH = YES;
				CODE_SIGN_IDENTITY = "iPhone Developer";
				COPY_PHASE_STRIP = NO;
				DEBUG_INFORMATION_FORMAT = dwarf;
				ENABLE_STRICT_OBJC_MSGSEND = YES;
				ENABLE_TESTABILITY = YES;
				GCC_C_LANGUAGE_STANDARD = gnu11;
				GCC_DYNAMIC_NO_PIC = NO;
				GCC_NO_COMMON_BLOCKS = YES;
				GCC_OPTIMIZATION_LEVEL = 0;
				GCC_PREPROCESSOR_DEFINITIONS = (
					"DEBUG=1",
					"$(inherited)",
				);
				GCC_WARN_64_TO_32_BIT_CONVERSION = YES;
				GCC_WARN_ABOUT_RETURN_TYPE = YES_ERROR;
				GCC_WARN_UNDECLARED_SELECTOR = YES;
				GCC_WARN_UNINITIALIZED_AUTOS = YES_AGGRESSIVE;
				GCC_WARN_UNUSED_FUNCTION = YES;
				GCC_WARN_UNUSED_VARIABLE = YES;
				IPHONEOS_DEPLOYMENT_TARGET = 11.4;
				MTL_ENABLE_DEBUG_INFO = YES;
				ONLY_ACTIVE_ARCH = YES;
				SDKROOT = iphoneos;
			};
			name = Debug;
		};
		8965E5E720C683040088786A /* Release */ = {
			isa = XCBuildConfiguration;
			buildSettings = {
				ALWAYS_SEARCH_USER_PATHS = NO;
				CLANG_ANALYZER_NONNULL = YES;
				CLANG_ANALYZER_NUMBER_OBJECT_CONVERSION = YES_AGGRESSIVE;
				CLANG_CXX_LANGUAGE_STANDARD = "gnu++14";
				CLANG_CXX_LIBRARY = "libc++";
				CLANG_ENABLE_MODULES = YES;
				CLANG_ENABLE_OBJC_ARC = YES;
				CLANG_ENABLE_OBJC_WEAK = YES;
				CLANG_WARN_BLOCK_CAPTURE_AUTORELEASING = YES;
				CLANG_WARN_BOOL_CONVERSION = YES;
				CLANG_WARN_COMMA = YES;
				CLANG_WARN_CONSTANT_CONVERSION = YES;
				CLANG_WARN_DEPRECATED_OBJC_IMPLEMENTATIONS = YES;
				CLANG_WARN_DIRECT_OBJC_ISA_USAGE = YES_ERROR;
				CLANG_WARN_DOCUMENTATION_COMMENTS = YES;
				CLANG_WARN_EMPTY_BODY = YES;
				CLANG_WARN_ENUM_CONVERSION = YES;
				CLANG_WARN_INFINITE_RECURSION = YES;
				CLANG_WARN_INT_CONVERSION = YES;
				CLANG_WARN_NON_LITERAL_NULL_CONVERSION = YES;
				CLANG_WARN_OBJC_IMPLICIT_RETAIN_SELF = YES;
				CLANG_WARN_OBJC_LITERAL_CONVERSION = YES;
				CLANG_WARN_OBJC_ROOT_CLASS = YES_ERROR;
				CLANG_WARN_RANGE_LOOP_ANALYSIS = YES;
				CLANG_WARN_STRICT_PROTOTYPES = YES;
				CLANG_WARN_SUSPICIOUS_MOVE = YES;
				CLANG_WARN_UNGUARDED_AVAILABILITY = YES_AGGRESSIVE;
				CLANG_WARN_UNREACHABLE_CODE = YES;
				CLANG_WARN__DUPLICATE_METHOD_MATCH = YES;
				CODE_SIGN_IDENTITY = "iPhone Developer";
				COPY_PHASE_STRIP = NO;
				DEBUG_INFORMATION_FORMAT = "dwarf-with-dsym";
				ENABLE_NS_ASSERTIONS = NO;
				ENABLE_STRICT_OBJC_MSGSEND = YES;
				GCC_C_LANGUAGE_STANDARD = gnu11;
				GCC_NO_COMMON_BLOCKS = YES;
				GCC_WARN_64_TO_32_BIT_CONVERSION = YES;
				GCC_WARN_ABOUT_RETURN_TYPE = YES_ERROR;
				GCC_WARN_UNDECLARED_SELECTOR = YES;
				GCC_WARN_UNINITIALIZED_AUTOS = YES_AGGRESSIVE;
				GCC_WARN_UNUSED_FUNCTION = YES;
				GCC_WARN_UNUSED_VARIABLE = YES;
				IPHONEOS_DEPLOYMENT_TARGET = 11.4;
				MTL_ENABLE_DEBUG_INFO = NO;
				SDKROOT = iphoneos;
				VALIDATE_PRODUCT = YES;
			};
			name = Release;
		};
		8965E5E920C683040088786A /* Debug */ = {
			isa = XCBuildConfiguration;
			baseConfigurationReference = A3AF196178C1E71EC3AC771D /* Pods-Tools.debug.xcconfig */;
			buildSettings = {
				ASSETCATALOG_COMPILER_APPICON_NAME = AppIcon;
				CODE_SIGN_STYLE = Automatic;
				DEVELOPMENT_TEAM = W44T2XG2TK;
				INFOPLIST_FILE = Tools/Info.plist;
				IPHONEOS_DEPLOYMENT_TARGET = 9.0;
				LD_RUNPATH_SEARCH_PATHS = (
					"$(inherited)",
					"@executable_path/Frameworks",
				);
				PRODUCT_BUNDLE_IDENTIFIER = wenqi.luo.Tools;
				PRODUCT_NAME = "$(TARGET_NAME)";
				TARGETED_DEVICE_FAMILY = "1,2";
			};
			name = Debug;
		};
		8965E5EA20C683040088786A /* Release */ = {
			isa = XCBuildConfiguration;
			baseConfigurationReference = EBFC2F90C6A5AE0BCB444F15 /* Pods-Tools.release.xcconfig */;
			buildSettings = {
				ASSETCATALOG_COMPILER_APPICON_NAME = AppIcon;
				CODE_SIGN_STYLE = Automatic;
				DEVELOPMENT_TEAM = W44T2XG2TK;
				INFOPLIST_FILE = Tools/Info.plist;
				IPHONEOS_DEPLOYMENT_TARGET = 9.0;
				LD_RUNPATH_SEARCH_PATHS = (
					"$(inherited)",
					"@executable_path/Frameworks",
				);
				PRODUCT_BUNDLE_IDENTIFIER = wenqi.luo.Tools;
				PRODUCT_NAME = "$(TARGET_NAME)";
				TARGETED_DEVICE_FAMILY = "1,2";
			};
			name = Release;
		};
		8965E5EC20C683040088786A /* Debug */ = {
			isa = XCBuildConfiguration;
			baseConfigurationReference = 23C509622E162952040FC968 /* Pods-ToolsTests.debug.xcconfig */;
			buildSettings = {
				BUNDLE_LOADER = "$(TEST_HOST)";
				CODE_SIGN_STYLE = Automatic;
				INFOPLIST_FILE = ToolsTests/Info.plist;
				LD_RUNPATH_SEARCH_PATHS = (
					"$(inherited)",
					"@executable_path/Frameworks",
					"@loader_path/Frameworks",
				);
				PRODUCT_BUNDLE_IDENTIFIER = wenqi.luo.ToolsTests;
				PRODUCT_NAME = "$(TARGET_NAME)";
				TARGETED_DEVICE_FAMILY = "1,2";
				TEST_HOST = "$(BUILT_PRODUCTS_DIR)/Tools.app/Tools";
			};
			name = Debug;
		};
		8965E5ED20C683040088786A /* Release */ = {
			isa = XCBuildConfiguration;
			baseConfigurationReference = 990992090ED5D2109102C455 /* Pods-ToolsTests.release.xcconfig */;
			buildSettings = {
				BUNDLE_LOADER = "$(TEST_HOST)";
				CODE_SIGN_STYLE = Automatic;
				INFOPLIST_FILE = ToolsTests/Info.plist;
				LD_RUNPATH_SEARCH_PATHS = (
					"$(inherited)",
					"@executable_path/Frameworks",
					"@loader_path/Frameworks",
				);
				PRODUCT_BUNDLE_IDENTIFIER = wenqi.luo.ToolsTests;
				PRODUCT_NAME = "$(TARGET_NAME)";
				TARGETED_DEVICE_FAMILY = "1,2";
				TEST_HOST = "$(BUILT_PRODUCTS_DIR)/Tools.app/Tools";
			};
			name = Release;
		};
		8965E5EF20C683040088786A /* Debug */ = {
			isa = XCBuildConfiguration;
			baseConfigurationReference = 58CE879459BD4E262FA29C3E /* Pods-ToolsUITests.debug.xcconfig */;
			buildSettings = {
				CODE_SIGN_STYLE = Automatic;
				INFOPLIST_FILE = ToolsUITests/Info.plist;
				LD_RUNPATH_SEARCH_PATHS = (
					"$(inherited)",
					"@executable_path/Frameworks",
					"@loader_path/Frameworks",
				);
				PRODUCT_BUNDLE_IDENTIFIER = wenqi.luo.ToolsUITests;
				PRODUCT_NAME = "$(TARGET_NAME)";
				TARGETED_DEVICE_FAMILY = "1,2";
				TEST_TARGET_NAME = Tools;
			};
			name = Debug;
		};
		8965E5F020C683040088786A /* Release */ = {
			isa = XCBuildConfiguration;
			baseConfigurationReference = 23AC7A1E0B8DDDD5B6A1FFD3 /* Pods-ToolsUITests.release.xcconfig */;
			buildSettings = {
				CODE_SIGN_STYLE = Automatic;
				INFOPLIST_FILE = ToolsUITests/Info.plist;
				LD_RUNPATH_SEARCH_PATHS = (
					"$(inherited)",
					"@executable_path/Frameworks",
					"@loader_path/Frameworks",
				);
				PRODUCT_BUNDLE_IDENTIFIER = wenqi.luo.ToolsUITests;
				PRODUCT_NAME = "$(TARGET_NAME)";
				TARGETED_DEVICE_FAMILY = "1,2";
				TEST_TARGET_NAME = Tools;
			};
			name = Release;
		};
/* End XCBuildConfiguration section */

/* Begin XCConfigurationList section */
		8965E5B720C683030088786A /* Build configuration list for PBXProject "Tools" */ = {
			isa = XCConfigurationList;
			buildConfigurations = (
				8965E5E620C683040088786A /* Debug */,
				8965E5E720C683040088786A /* Release */,
			);
			defaultConfigurationIsVisible = 0;
			defaultConfigurationName = Release;
		};
		8965E5E820C683040088786A /* Build configuration list for PBXNativeTarget "Tools" */ = {
			isa = XCConfigurationList;
			buildConfigurations = (
				8965E5E920C683040088786A /* Debug */,
				8965E5EA20C683040088786A /* Release */,
			);
			defaultConfigurationIsVisible = 0;
			defaultConfigurationName = Release;
		};
		8965E5EB20C683040088786A /* Build configuration list for PBXNativeTarget "ToolsTests" */ = {
			isa = XCConfigurationList;
			buildConfigurations = (
				8965E5EC20C683040088786A /* Debug */,
				8965E5ED20C683040088786A /* Release */,
			);
			defaultConfigurationIsVisible = 0;
			defaultConfigurationName = Release;
		};
		8965E5EE20C683040088786A /* Build configuration list for PBXNativeTarget "ToolsUITests" */ = {
			isa = XCConfigurationList;
			buildConfigurations = (
				8965E5EF20C683040088786A /* Debug */,
				8965E5F020C683040088786A /* Release */,
			);
			defaultConfigurationIsVisible = 0;
			defaultConfigurationName = Release;
		};
/* End XCConfigurationList section */
	};
	rootObject = 8965E5B420C683030088786A /* Project object */;
}
